
Microsoft Visual Studio Solution File, Format Version 12.00
# Visual Studio Version 16
VisualStudioVersion = 16.0.29709.97
MinimumVisualStudioVersion = 10.0.40219.1
Project("{9A19103F-16F7-4668-BE54-9A1E7A4F7556}") = "Epam.AspNet.Module1", "Epam.AspNet.Module1\Epam.AspNet.Module1.csproj", "{AF7ADFB3-2353-48B7-BB16-D0CF84149B76}"
EndProject
Project("{9A19103F-16F7-4668-BE54-9A1E7A4F7556}") = "Epam.AspNet.Education.Tests", "Epam.AspNet.Education.Tests\Epam.AspNet.Education.Tests.csproj", "{B8A2B3E5-A264-4A22-9877-6B3EA255061E}"
EndProject
Project("{FAE04EC0-301F-11D3-BF4B-00C04F79EFBC}") = "SimpleRestClient", "SimpleRestClient\SimpleRestClient.csproj", "{9716A947-90F4-4837-AFF6-F1AFD5F0FE4B}"
EndProject
Project("{FAE04EC0-301F-11D3-BF4B-00C04F79EFBC}") = "Epam.AspNet.Education.ApiTests", "Epam.AspNet.Education.ApiTests\Epam.AspNet.Education.ApiTests.csproj", "{A5F3A6DF-AD92-43D4-8E87-E3EC541DECEB}"
EndProject
Global
	GlobalSection(SolutionConfigurationPlatforms) = preSolution
		Debug|Any CPU = Debug|Any CPU
		Release|Any CPU = Release|Any CPU
	EndGlobalSection
	GlobalSection(ProjectConfigurationPlatforms) = postSolution
		{AF7ADFB3-2353-48B7-BB16-D0CF84149B76}.Debug|Any CPU.ActiveCfg = Debug|Any CPU
		{AF7ADFB3-2353-48B7-BB16-D0CF84149B76}.Debug|Any CPU.Build.0 = Debug|Any CPU
		{AF7ADFB3-2353-48B7-BB16-D0CF84149B76}.Release|Any CPU.ActiveCfg = Release|Any CPU
		{AF7ADFB3-2353-48B7-BB16-D0CF84149B76}.Release|Any CPU.Build.0 = Release|Any CPU
		{B8A2B3E5-A264-4A22-9877-6B3EA255061E}.Debug|Any CPU.ActiveCfg = Debug|Any CPU
		{B8A2B3E5-A264-4A22-9877-6B3EA255061E}.Debug|Any CPU.Build.0 = Debug|Any CPU
		{B8A2B3E5-A264-4A22-9877-6B3EA255061E}.Release|Any CPU.ActiveCfg = Release|Any CPU
		{B8A2B3E5-A264-4A22-9877-6B3EA255061E}.Release|Any CPU.Build.0 = Release|Any CPU
		{9716A947-90F4-4837-AFF6-F1AFD5F0FE4B}.Debug|Any CPU.ActiveCfg = Debug|Any CPU
		{9716A947-90F4-4837-AFF6-F1AFD5F0FE4B}.Debug|Any CPU.Build.0 = Debug|Any CPU
		{9716A947-90F4-4837-AFF6-F1AFD5F0FE4B}.Release|Any CPU.ActiveCfg = Release|Any CPU
		{9716A947-90F4-4837-AFF6-F1AFD5F0FE4B}.Release|Any CPU.Build.0 = Release|Any CPU
		{A5F3A6DF-AD92-43D4-8E87-E3EC541DECEB}.Debug|Any CPU.ActiveCfg = Debug|Any CPU
		{A5F3A6DF-AD92-43D4-8E87-E3EC541DECEB}.Debug|Any CPU.Build.0 = Debug|Any CPU
		{A5F3A6DF-AD92-43D4-8E87-E3EC541DECEB}.Release|Any CPU.ActiveCfg = Release|Any CPU
		{A5F3A6DF-AD92-43D4-8E87-E3EC541DECEB}.Release|Any CPU.Build.0 = Release|Any CPU
	EndGlobalSection
	GlobalSection(SolutionProperties) = preSolution
		HideSolutionNode = FALSE
	EndGlobalSection
	GlobalSection(ExtensibilityGlobals) = postSolution
		SolutionGuid = {39A3918C-43DB-427B-93D2-BE613E64DD8B}
	EndGlobalSection
EndGlobal
